
Microsoft Visual Studio Solution File, Format Version 12.00
# Visual Studio Version 16
VisualStudioVersion = 16.0.29230.47
MinimumVisualStudioVersion = 10.0.40219.1
Project("{FAE04EC0-301F-11D3-BF4B-00C04F79EFBC}") = "productmanagement", "productmanagement\productmanagement.csproj", "{E853EC38-E938-4515-9004-40B802ABD1BA}"
EndProject
Project("{FAE04EC0-301F-11D3-BF4B-00C04F79EFBC}") = "DataLogic", "DataLogic\DataLogic.csproj", "{F405F2FB-7891-4A36-A82F-65795640D056}"
EndProject
Project("{FAE04EC0-301F-11D3-BF4B-00C04F79EFBC}") = "ClassObjects", "ClassObjects\ClassObjects.csproj", "{024F9628-DD90-4895-9F0C-2B3E7548F7B0}"
EndProject
Project("{FAE04EC0-301F-11D3-BF4B-00C04F79EFBC}") = "BusinessObjects", "BusinessObjects\BusinessObjects.csproj", "{12A69059-BDF6-4377-9140-8F9D19AF8F84}"
EndProject
Global
	GlobalSection(SolutionConfigurationPlatforms) = preSolution
		Debug|Any CPU = Debug|Any CPU
		Release|Any CPU = Release|Any CPU
	EndGlobalSection
	GlobalSection(ProjectConfigurationPlatforms) = postSolution
		{E853EC38-E938-4515-9004-40B802ABD1BA}.Debug|Any CPU.ActiveCfg = Debug|Any CPU
		{E853EC38-E938-4515-9004-40B802ABD1BA}.Debug|Any CPU.Build.0 = Debug|Any CPU
		{E853EC38-E938-4515-9004-40B802ABD1BA}.Release|Any CPU.ActiveCfg = Release|Any CPU
		{E853EC38-E938-4515-9004-40B802ABD1BA}.Release|Any CPU.Build.0 = Release|Any CPU
		{F405F2FB-7891-4A36-A82F-65795640D056}.Debug|Any CPU.ActiveCfg = Debug|Any CPU
		{F405F2FB-7891-4A36-A82F-65795640D056}.Debug|Any CPU.Build.0 = Debug|Any CPU
		{F405F2FB-7891-4A36-A82F-65795640D056}.Release|Any CPU.ActiveCfg = Release|Any CPU
		{F405F2FB-7891-4A36-A82F-65795640D056}.Release|Any CPU.Build.0 = Release|Any CPU
		{024F9628-DD90-4895-9F0C-2B3E7548F7B0}.Debug|Any CPU.ActiveCfg = Debug|Any CPU
		{024F9628-DD90-4895-9F0C-2B3E7548F7B0}.Debug|Any CPU.Build.0 = Debug|Any CPU
		{024F9628-DD90-4895-9F0C-2B3E7548F7B0}.Release|Any CPU.ActiveCfg = Release|Any CPU
		{024F9628-DD90-4895-9F0C-2B3E7548F7B0}.Release|Any CPU.Build.0 = Release|Any CPU
		{12A69059-BDF6-4377-9140-8F9D19AF8F84}.Debug|Any CPU.ActiveCfg = Debug|Any CPU
		{12A69059-BDF6-4377-9140-8F9D19AF8F84}.Debug|Any CPU.Build.0 = Debug|Any CPU
		{12A69059-BDF6-4377-9140-8F9D19AF8F84}.Release|Any CPU.ActiveCfg = Release|Any CPU
		{12A69059-BDF6-4377-9140-8F9D19AF8F84}.Release|Any CPU.Build.0 = Release|Any CPU
	EndGlobalSection
	GlobalSection(SolutionProperties) = preSolution
		HideSolutionNode = FALSE
	EndGlobalSection
	GlobalSection(ExtensibilityGlobals) = postSolution
		SolutionGuid = {D607BFDA-BFB6-496F-9DE2-16BDA74459BC}
	EndGlobalSection
EndGlobal
